
Microsoft Visual Studio Solution File, Format Version 12.00
# Visual Studio Version 16
VisualStudioVersion = 16.0.29215.179
MinimumVisualStudioVersion = 10.0.40219.1
Project("{FAE04EC0-301F-11D3-BF4B-00C04F79EFBC}") = "ProyectoSemestral", "ProyectoSemestral\ProyectoSemestral.csproj", "{233AD2ED-BCA1-455A-9CB2-A909A085A43B}"
EndProject
Global
	GlobalSection(SolutionConfigurationPlatforms) = preSolution
		Debug|Any CPU = Debug|Any CPU
		Release|Any CPU = Release|Any CPU
	EndGlobalSection
	GlobalSection(ProjectConfigurationPlatforms) = postSolution
		{233AD2ED-BCA1-455A-9CB2-A909A085A43B}.Debug|Any CPU.ActiveCfg = Debug|Any CPU
		{233AD2ED-BCA1-455A-9CB2-A909A085A43B}.Debug|Any CPU.Build.0 = Debug|Any CPU
		{233AD2ED-BCA1-455A-9CB2-A909A085A43B}.Release|Any CPU.ActiveCfg = Release|Any CPU
		{233AD2ED-BCA1-455A-9CB2-A909A085A43B}.Release|Any CPU.Build.0 = Release|Any CPU
	EndGlobalSection
	GlobalSection(SolutionProperties) = preSolution
		HideSolutionNode = FALSE
	EndGlobalSection
	GlobalSection(ExtensibilityGlobals) = postSolution
		SolutionGuid = {8AB8A074-B20F-41EB-A34B-F2A6C6E26FE8}
	EndGlobalSection
EndGlobal
